
Microsoft Visual Studio Solution File, Format Version 12.00
# Visual Studio Version 16
VisualStudioVersion = 16.0.28527.54
MinimumVisualStudioVersion = 10.0.40219.1
Project("{FAE04EC0-301F-11D3-BF4B-00C04F79EFBC}") = "ChickenAPI.Packets", "src\ChickenAPI.Packets\ChickenAPI.Packets.csproj", "{8DC7839A-EB02-4E71-95DC-2D2BD9651E19}"
EndProject
Project("{FAE04EC0-301F-11D3-BF4B-00C04F79EFBC}") = "ChickenAPI.Packets.Tests", "test\ChickenAPI.Packets.Tests\ChickenAPI.Packets.Tests.csproj", "{BEEC67B8-A63B-43DE-87A5-73341AEFD62F}"
EndProject
Global
	GlobalSection(SolutionConfigurationPlatforms) = preSolution
		Debug|Any CPU = Debug|Any CPU
		Release|Any CPU = Release|Any CPU
	EndGlobalSection
	GlobalSection(ProjectConfigurationPlatforms) = postSolution
		{8DC7839A-EB02-4E71-95DC-2D2BD9651E19}.Debug|Any CPU.ActiveCfg = Debug|Any CPU
		{8DC7839A-EB02-4E71-95DC-2D2BD9651E19}.Debug|Any CPU.Build.0 = Debug|Any CPU
		{8DC7839A-EB02-4E71-95DC-2D2BD9651E19}.Release|Any CPU.ActiveCfg = Release|Any CPU
		{8DC7839A-EB02-4E71-95DC-2D2BD9651E19}.Release|Any CPU.Build.0 = Release|Any CPU
		{BEEC67B8-A63B-43DE-87A5-73341AEFD62F}.Debug|Any CPU.ActiveCfg = Debug|Any CPU
		{BEEC67B8-A63B-43DE-87A5-73341AEFD62F}.Debug|Any CPU.Build.0 = Debug|Any CPU
		{BEEC67B8-A63B-43DE-87A5-73341AEFD62F}.Release|Any CPU.ActiveCfg = Release|Any CPU
		{BEEC67B8-A63B-43DE-87A5-73341AEFD62F}.Release|Any CPU.Build.0 = Release|Any CPU
	EndGlobalSection
	GlobalSection(SolutionProperties) = preSolution
		HideSolutionNode = FALSE
	EndGlobalSection
	GlobalSection(ExtensibilityGlobals) = postSolution
		SolutionGuid = {D9A2E4CB-2146-4D11-8C4B-3955720D5844}
	EndGlobalSection
EndGlobal
